
Microsoft Visual Studio Solution File, Format Version 12.00
# Visual Studio Version 17
VisualStudioVersion = 17.4.33403.182
MinimumVisualStudioVersion = 10.0.40219.1
Project("{FAE04EC0-301F-11D3-BF4B-00C04F79EFBC}") = "WebApplication1", "WebApplication1\WebApplication1.csproj", "{CD012A23-8B2B-49EF-92D8-464E6F47B1A9}"
EndProject
Global
	GlobalSection(SolutionConfigurationPlatforms) = preSolution
		Debug|Any CPU = Debug|Any CPU
		Release|Any CPU = Release|Any CPU
	EndGlobalSection
	GlobalSection(ProjectConfigurationPlatforms) = postSolution
		{CD012A23-8B2B-49EF-92D8-464E6F47B1A9}.Debug|Any CPU.ActiveCfg = Debug|Any CPU
		{CD012A23-8B2B-49EF-92D8-464E6F47B1A9}.Debug|Any CPU.Build.0 = Debug|Any CPU
		{CD012A23-8B2B-49EF-92D8-464E6F47B1A9}.Release|Any CPU.ActiveCfg = Release|Any CPU
		{CD012A23-8B2B-49EF-92D8-464E6F47B1A9}.Release|Any CPU.Build.0 = Release|Any CPU
	EndGlobalSection
	GlobalSection(SolutionProperties) = preSolution
		HideSolutionNode = FALSE
	EndGlobalSection
	GlobalSection(ExtensibilityGlobals) = postSolution
		SolutionGuid = {94D6A642-1121-4833-8014-5038AB531DB0}
	EndGlobalSection
EndGlobal
